// !$*UTF8*$!
{
	archiveVersion = 1;
	classes = {
	};
	objectVersion = 55;
	objects = {

/* Begin PBXBuildFile section */
		8E7FD730288D96700022A14F /* TabBarViewController.swift in Sources */ = {isa = PBXBuildFile; fileRef = 8E7FD72F288D96700022A14F /* TabBarViewController.swift */; };
		8E8E010A2888803800FC08D4 /* AppDelegate.swift in Sources */ = {isa = PBXBuildFile; fileRef = 8E8E01092888803800FC08D4 /* AppDelegate.swift */; };
		8E8E010C2888803800FC08D4 /* SceneDelegate.swift in Sources */ = {isa = PBXBuildFile; fileRef = 8E8E010B2888803800FC08D4 /* SceneDelegate.swift */; };
		8E8E01112888803800FC08D4 /* Main.storyboard in Resources */ = {isa = PBXBuildFile; fileRef = 8E8E010F2888803800FC08D4 /* Main.storyboard */; };
		8E8E01132888803A00FC08D4 /* Assets.xcassets in Resources */ = {isa = PBXBuildFile; fileRef = 8E8E01122888803A00FC08D4 /* Assets.xcassets */; };
		8E8E01162888803A00FC08D4 /* LaunchScreen.storyboard in Resources */ = {isa = PBXBuildFile; fileRef = 8E8E01142888803A00FC08D4 /* LaunchScreen.storyboard */; };
		8E8E011E2888814F00FC08D4 /* ContactListViewController.swift in Sources */ = {isa = PBXBuildFile; fileRef = 8E8E011D2888814F00FC08D4 /* ContactListViewController.swift */; };
		8E8E0120288882AA00FC08D4 /* Person.swift in Sources */ = {isa = PBXBuildFile; fileRef = 8E8E011F288882AA00FC08D4 /* Person.swift */; };
		8E8E0122288886B500FC08D4 /* DataStore.swift in Sources */ = {isa = PBXBuildFile; fileRef = 8E8E0121288886B500FC08D4 /* DataStore.swift */; };
		8E8E01242888930F00FC08D4 /* ContactDetailsViewController.swift in Sources */ = {isa = PBXBuildFile; fileRef = 8E8E01232888930F00FC08D4 /* ContactDetailsViewController.swift */; };
		8E8E0126288898CF00FC08D4 /* DetailedContactListViewController.swift in Sources */ = {isa = PBXBuildFile; fileRef = 8E8E0125288898CF00FC08D4 /* DetailedContactListViewController.swift */; };
/* End PBXBuildFile section */

/* Begin PBXFileReference section */
		8E7FD72F288D96700022A14F /* TabBarViewController.swift */ = {isa = PBXFileReference; lastKnownFileType = sourcecode.swift; path = TabBarViewController.swift; sourceTree = "<group>"; };
		8E8E01062888803800FC08D4 /* ContactList.app */ = {isa = PBXFileReference; explicitFileType = wrapper.application; includeInIndex = 0; path = ContactList.app; sourceTree = BUILT_PRODUCTS_DIR; };
		8E8E01092888803800FC08D4 /* AppDelegate.swift */ = {isa = PBXFileReference; lastKnownFileType = sourcecode.swift; path = AppDelegate.swift; sourceTree = "<group>"; };
		8E8E010B2888803800FC08D4 /* SceneDelegate.swift */ = {isa = PBXFileReference; lastKnownFileType = sourcecode.swift; path = SceneDelegate.swift; sourceTree = "<group>"; };
		8E8E01102888803800FC08D4 /* Base */ = {isa = PBXFileReference; lastKnownFileType = file.storyboard; name = Base; path = Base.lproj/Main.storyboard; sourceTree = "<group>"; };
		8E8E01122888803A00FC08D4 /* Assets.xcassets */ = {isa = PBXFileReference; lastKnownFileType = folder.assetcatalog; path = Assets.xcassets; sourceTree = "<group>"; };
		8E8E01152888803A00FC08D4 /* Base */ = {isa = PBXFileReference; lastKnownFileType = file.storyboard; name = Base; path = Base.lproj/LaunchScreen.storyboard; sourceTree = "<group>"; };
		8E8E01172888803A00FC08D4 /* Info.plist */ = {isa = PBXFileReference; lastKnownFileType = text.plist.xml; path = Info.plist; sourceTree = "<group>"; };
		8E8E011D2888814F00FC08D4 /* ContactListViewController.swift */ = {isa = PBXFileReference; lastKnownFileType = sourcecode.swift; path = ContactListViewController.swift; sourceTree = "<group>"; };
		8E8E011F288882AA00FC08D4 /* Person.swift */ = {isa = PBXFileReference; lastKnownFileType = sourcecode.swift; path = Person.swift; sourceTree = "<group>"; };
		8E8E0121288886B500FC08D4 /* DataStore.swift */ = {isa = PBXFileReference; lastKnownFileType = sourcecode.swift; path = DataStore.swift; sourceTree = "<group>"; };
		8E8E01232888930F00FC08D4 /* ContactDetailsViewController.swift */ = {isa = PBXFileReference; lastKnownFileType = sourcecode.swift; path = ContactDetailsViewController.swift; sourceTree = "<group>"; };
		8E8E0125288898CF00FC08D4 /* DetailedContactListViewController.swift */ = {isa = PBXFileReference; lastKnownFileType = sourcecode.swift; path = DetailedContactListViewController.swift; sourceTree = "<group>"; };
/* End PBXFileReference section */

/* Begin PBXFrameworksBuildPhase section */
		8E8E01032888803800FC08D4 /* Frameworks */ = {
			isa = PBXFrameworksBuildPhase;
			buildActionMask = 2147483647;
			files = (
			);
			runOnlyForDeploymentPostprocessing = 0;
		};
/* End PBXFrameworksBuildPhase section */

/* Begin PBXGroup section */
		8E7FD729288D94DD0022A14F /* Resources */ = {
			isa = PBXGroup;
			children = (
				8E8E01122888803A00FC08D4 /* Assets.xcassets */,
			);
			path = Resources;
			sourceTree = "<group>";
		};
		8E7FD72A288D94EE0022A14F /* Storyboards */ = {
			isa = PBXGroup;
			children = (
				8E8E010F2888803800FC08D4 /* Main.storyboard */,
				8E8E01142888803A00FC08D4 /* LaunchScreen.storyboard */,
			);
			path = Storyboards;
			sourceTree = "<group>";
		};
		8E7FD72B288D94FF0022A14F /* Models */ = {
			isa = PBXGroup;
			children = (
				8E8E011F288882AA00FC08D4 /* Person.swift */,
			);
			path = Models;
			sourceTree = "<group>";
		};
		8E7FD72C288D950E0022A14F /* Services */ = {
			isa = PBXGroup;
			children = (
				8E8E0121288886B500FC08D4 /* DataStore.swift */,
			);
			path = Services;
			sourceTree = "<group>";
		};
		8E7FD72D288D951C0022A14F /* App */ = {
			isa = PBXGroup;
			children = (
				8E8E01092888803800FC08D4 /* AppDelegate.swift */,
				8E8E01172888803A00FC08D4 /* Info.plist */,
			);
			path = App;
			sourceTree = "<group>";
		};
		8E7FD72E288D952B0022A14F /* ViewControllers */ = {
			isa = PBXGroup;
			children = (
				8E8E010B2888803800FC08D4 /* SceneDelegate.swift */,
				8E8E01232888930F00FC08D4 /* ContactDetailsViewController.swift */,
				8E8E011D2888814F00FC08D4 /* ContactListViewController.swift */,
				8E8E0125288898CF00FC08D4 /* DetailedContactListViewController.swift */,
				8E7FD72F288D96700022A14F /* TabBarViewController.swift */,
			);
			path = ViewControllers;
			sourceTree = "<group>";
		};
		8E8E00FD2888803800FC08D4 = {
			isa = PBXGroup;
			children = (
				8E8E01082888803800FC08D4 /* ContactList */,
				8E8E01072888803800FC08D4 /* Products */,
			);
			sourceTree = "<group>";
		};
		8E8E01072888803800FC08D4 /* Products */ = {
			isa = PBXGroup;
			children = (
				8E8E01062888803800FC08D4 /* ContactList.app */,
			);
			name = Products;
			sourceTree = "<group>";
		};
		8E8E01082888803800FC08D4 /* ContactList */ = {
			isa = PBXGroup;
			children = (
				8E7FD72E288D952B0022A14F /* ViewControllers */,
				8E7FD72A288D94EE0022A14F /* Storyboards */,
				8E7FD72B288D94FF0022A14F /* Models */,
				8E7FD72C288D950E0022A14F /* Services */,
				8E7FD72D288D951C0022A14F /* App */,
				8E7FD729288D94DD0022A14F /* Resources */,
			);
			path = ContactList;
			sourceTree = "<group>";
		};
/* End PBXGroup section */

/* Begin PBXNativeTarget section */
		8E8E01052888803800FC08D4 /* ContactList */ = {
			isa = PBXNativeTarget;
			buildConfigurationList = 8E8E011A2888803A00FC08D4 /* Build configuration list for PBXNativeTarget "ContactList" */;
			buildPhases = (
				8E8E01022888803800FC08D4 /* Sources */,
				8E8E01032888803800FC08D4 /* Frameworks */,
				8E8E01042888803800FC08D4 /* Resources */,
			);
			buildRules = (
			);
			dependencies = (
			);
			name = ContactList;
			productName = ContactList;
			productReference = 8E8E01062888803800FC08D4 /* ContactList.app */;
			productType = "com.apple.product-type.application";
		};
/* End PBXNativeTarget section */

/* Begin PBXProject section */
		8E8E00FE2888803800FC08D4 /* Project object */ = {
			isa = PBXProject;
			attributes = {
				BuildIndependentTargetsInParallel = 1;
				LastSwiftUpdateCheck = 1340;
				LastUpgradeCheck = 1340;
				TargetAttributes = {
					8E8E01052888803800FC08D4 = {
						CreatedOnToolsVersion = 13.4.1;
					};
				};
			};
			buildConfigurationList = 8E8E01012888803800FC08D4 /* Build configuration list for PBXProject "ContactList" */;
			compatibilityVersion = "Xcode 13.0";
			developmentRegion = en;
			hasScannedForEncodings = 0;
			knownRegions = (
				en,
				Base,
			);
			mainGroup = 8E8E00FD2888803800FC08D4;
			productRefGroup = 8E8E01072888803800FC08D4 /* Products */;
			projectDirPath = "";
			projectRoot = "";
			targets = (
				8E8E01052888803800FC08D4 /* ContactList */,
			);
		};
/* End PBXProject section */

/* Begin PBXResourcesBuildPhase section */
		8E8E01042888803800FC08D4 /* Resources */ = {
			isa = PBXResourcesBuildPhase;
			buildActionMask = 2147483647;
			files = (
				8E8E01162888803A00FC08D4 /* LaunchScreen.storyboard in Resources */,
				8E8E01132888803A00FC08D4 /* Assets.xcassets in Resources */,
				8E8E01112888803800FC08D4 /* Main.storyboard in Resources */,
			);
			runOnlyForDeploymentPostprocessing = 0;
		};
/* End PBXResourcesBuildPhase section */

/* Begin PBXSourcesBuildPhase section */
		8E8E01022888803800FC08D4 /* Sources */ = {
			isa = PBXSourcesBuildPhase;
			buildActionMask = 2147483647;
			files = (
				8E7FD730288D96700022A14F /* TabBarViewController.swift in Sources */,
				8E8E010A2888803800FC08D4 /* AppDelegate.swift in Sources */,
				8E8E010C2888803800FC08D4 /* SceneDelegate.swift in Sources */,
				8E8E01242888930F00FC08D4 /* ContactDetailsViewController.swift in Sources */,
				8E8E0120288882AA00FC08D4 /* Person.swift in Sources */,
				8E8E0126288898CF00FC08D4 /* DetailedContactListViewController.swift in Sources */,
				8E8E0122288886B500FC08D4 /* DataStore.swift in Sources */,
				8E8E011E2888814F00FC08D4 /* ContactListViewController.swift in Sources */,
			);
			runOnlyForDeploymentPostprocessing = 0;
		};
/* End PBXSourcesBuildPhase section */

/* Begin PBXVariantGroup section */
		8E8E010F2888803800FC08D4 /* Main.storyboard */ = {
			isa = PBXVariantGroup;
			children = (
				8E8E01102888803800FC08D4 /* Base */,
			);
			name = Main.storyboard;
			sourceTree = "<group>";
		};
		8E8E01142888803A00FC08D4 /* LaunchScreen.storyboard */ = {
			isa = PBXVariantGroup;
			children = (
				8E8E01152888803A00FC08D4 /* Base */,
			);
			name = LaunchScreen.storyboard;
			sourceTree = "<group>";
		};
/* End PBXVariantGroup section */

/* Begin XCBuildConfiguration section */
		8E8E01182888803A00FC08D4 /* Debug */ = {
			isa = XCBuildConfiguration;
			buildSettings = {
				ALWAYS_SEARCH_USER_PATHS = NO;
				CLANG_ANALYZER_NONNULL = YES;
				CLANG_ANALYZER_NUMBER_OBJECT_CONVERSION = YES_AGGRESSIVE;
				CLANG_CXX_LANGUAGE_STANDARD = "gnu++17";
				CLANG_ENABLE_MODULES = YES;
				CLANG_ENABLE_OBJC_ARC = YES;
				CLANG_ENABLE_OBJC_WEAK = YES;
				CLANG_WARN_BLOCK_CAPTURE_AUTORELEASING = YES;
				CLANG_WARN_BOOL_CONVERSION = YES;
				CLANG_WARN_COMMA = YES;
				CLANG_WARN_CONSTANT_CONVERSION = YES;
				CLANG_WARN_DEPRECATED_OBJC_IMPLEMENTATIONS = YES;
				CLANG_WARN_DIRECT_OBJC_ISA_USAGE = YES_ERROR;
				CLANG_WARN_DOCUMENTATION_COMMENTS = YES;
				CLANG_WARN_EMPTY_BODY = YES;
				CLANG_WARN_ENUM_CONVERSION = YES;
				CLANG_WARN_INFINITE_RECURSION = YES;
				CLANG_WARN_INT_CONVERSION = YES;
				CLANG_WARN_NON_LITERAL_NULL_CONVERSION = YES;
				CLANG_WARN_OBJC_IMPLICIT_RETAIN_SELF = YES;
				CLANG_WARN_OBJC_LITERAL_CONVERSION = YES;
				CLANG_WARN_OBJC_ROOT_CLASS = YES_ERROR;
				CLANG_WARN_QUOTED_INCLUDE_IN_FRAMEWORK_HEADER = YES;
				CLANG_WARN_RANGE_LOOP_ANALYSIS = YES;
				CLANG_WARN_STRICT_PROTOTYPES = YES;
				CLANG_WARN_SUSPICIOUS_MOVE = YES;
				CLANG_WARN_UNGUARDED_AVAILABILITY = YES_AGGRESSIVE;
				CLANG_WARN_UNREACHABLE_CODE = YES;
				CLANG_WARN__DUPLICATE_METHOD_MATCH = YES;
				COPY_PHASE_STRIP = NO;
				DEBUG_INFORMATION_FORMAT = dwarf;
				ENABLE_STRICT_OBJC_MSGSEND = YES;
				ENABLE_TESTABILITY = YES;
				GCC_C_LANGUAGE_STANDARD = gnu11;
				GCC_DYNAMIC_NO_PIC = NO;
				GCC_NO_COMMON_BLOCKS = YES;
				GCC_OPTIMIZATION_LEVEL = 0;
				GCC_PREPROCESSOR_DEFINITIONS = (
					"DEBUG=1",
					"$(inherited)",
				);
				GCC_WARN_64_TO_32_BIT_CONVERSION = YES;
				GCC_WARN_ABOUT_RETURN_TYPE = YES_ERROR;
				GCC_WARN_UNDECLARED_SELECTOR = YES;
				GCC_WARN_UNINITIALIZED_AUTOS = YES_AGGRESSIVE;
				GCC_WARN_UNUSED_FUNCTION = YES;
				GCC_WARN_UNUSED_VARIABLE = YES;
				IPHONEOS_DEPLOYMENT_TARGET = 15.5;
				MTL_ENABLE_DEBUG_INFO = INCLUDE_SOURCE;
				MTL_FAST_MATH = YES;
				ONLY_ACTIVE_ARCH = YES;
				SDKROOT = iphoneos;
				SWIFT_ACTIVE_COMPILATION_CONDITIONS = DEBUG;
				SWIFT_OPTIMIZATION_LEVEL = "-Onone";
			};
			name = Debug;
		};
		8E8E01192888803A00FC08D4 /* Release */ = {
			isa = XCBuildConfiguration;
			buildSettings = {
				ALWAYS_SEARCH_USER_PATHS = NO;
				CLANG_ANALYZER_NONNULL = YES;
				CLANG_ANALYZER_NUMBER_OBJECT_CONVERSION = YES_AGGRESSIVE;
				CLANG_CXX_LANGUAGE_STANDARD = "gnu++17";
				CLANG_ENABLE_MODULES = YES;
				CLANG_ENABLE_OBJC_ARC = YES;
				CLANG_ENABLE_OBJC_WEAK = YES;
				CLANG_WARN_BLOCK_CAPTURE_AUTORELEASING = YES;
				CLANG_WARN_BOOL_CONVERSION = YES;
				CLANG_WARN_COMMA = YES;
				CLANG_WARN_CONSTANT_CONVERSION = YES;
				CLANG_WARN_DEPRECATED_OBJC_IMPLEMENTATIONS = YES;
				CLANG_WARN_DIRECT_OBJC_ISA_USAGE = YES_ERROR;
				CLANG_WARN_DOCUMENTATION_COMMENTS = YES;
				CLANG_WARN_EMPTY_BODY = YES;
				CLANG_WARN_ENUM_CONVERSION = YES;
				CLANG_WARN_INFINITE_RECURSION = YES;
				CLANG_WARN_INT_CONVERSION = YES;
				CLANG_WARN_NON_LITERAL_NULL_CONVERSION = YES;
				CLANG_WARN_OBJC_IMPLICIT_RETAIN_SELF = YES;
				CLANG_WARN_OBJC_LITERAL_CONVERSION = YES;
				CLANG_WARN_OBJC_ROOT_CLASS = YES_ERROR;
				CLANG_WARN_QUOTED_INCLUDE_IN_FRAMEWORK_HEADER = YES;
				CLANG_WARN_RANGE_LOOP_ANALYSIS = YES;
				CLANG_WARN_STRICT_PROTOTYPES = YES;
				CLANG_WARN_SUSPICIOUS_MOVE = YES;
				CLANG_WARN_UNGUARDED_AVAILABILITY = YES_AGGRESSIVE;
				CLANG_WARN_UNREACHABLE_CODE = YES;
				CLANG_WARN__DUPLICATE_METHOD_MATCH = YES;
				COPY_PHASE_STRIP = NO;
				DEBUG_INFORMATION_FORMAT = "dwarf-with-dsym";
				ENABLE_NS_ASSERTIONS = NO;
				ENABLE_STRICT_OBJC_MSGSEND = YES;
				GCC_C_LANGUAGE_STANDARD = gnu11;
				GCC_NO_COMMON_BLOCKS = YES;
				GCC_WARN_64_TO_32_BIT_CONVERSION = YES;
				GCC_WARN_ABOUT_RETURN_TYPE = YES_ERROR;
				GCC_WARN_UNDECLARED_SELECTOR = YES;
				GCC_WARN_UNINITIALIZED_AUTOS = YES_AGGRESSIVE;
				GCC_WARN_UNUSED_FUNCTION = YES;
				GCC_WARN_UNUSED_VARIABLE = YES;
				IPHONEOS_DEPLOYMENT_TARGET = 15.5;
				MTL_ENABLE_DEBUG_INFO = NO;
				MTL_FAST_MATH = YES;
				SDKROOT = iphoneos;
				SWIFT_COMPILATION_MODE = wholemodule;
				SWIFT_OPTIMIZATION_LEVEL = "-O";
				VALIDATE_PRODUCT = YES;
			};
			name = Release;
		};
		8E8E011B2888803A00FC08D4 /* Debug */ = {
			isa = XCBuildConfiguration;
			buildSettings = {
				ASSETCATALOG_COMPILER_APPICON_NAME = AppIcon;
				ASSETCATALOG_COMPILER_GLOBAL_ACCENT_COLOR_NAME = AccentColor;
				CODE_SIGN_STYLE = Automatic;
				CURRENT_PROJECT_VERSION = 1;
				DEVELOPMENT_TEAM = DPTAQUM9U4;
				GENERATE_INFOPLIST_FILE = YES;
				INFOPLIST_FILE = ContactList/App/Info.plist;
				INFOPLIST_KEY_UIApplicationSupportsIndirectInputEvents = YES;
				INFOPLIST_KEY_UILaunchStoryboardName = LaunchScreen;
				INFOPLIST_KEY_UIMainStoryboardFile = Main;
				INFOPLIST_KEY_UISupportedInterfaceOrientations_iPad = "UIInterfaceOrientationPortrait UIInterfaceOrientationPortraitUpsideDown UIInterfaceOrientationLandscapeLeft UIInterfaceOrientationLandscapeRight";
				INFOPLIST_KEY_UISupportedInterfaceOrientations_iPhone = "UIInterfaceOrientationPortrait UIInterfaceOrientationLandscapeLeft UIInterfaceOrientationLandscapeRight";
				LD_RUNPATH_SEARCH_PATHS = (
					"$(inherited)",
					"@executable_path/Frameworks",
				);
				MARKETING_VERSION = 1.0;
				PRODUCT_BUNDLE_IDENTIFIER = com.asankul.ContactList;
				PRODUCT_NAME = "$(TARGET_NAME)";
				SWIFT_EMIT_LOC_STRINGS = YES;
				SWIFT_VERSION = 5.0;
				TARGETED_DEVICE_FAMILY = "1,2";
			};
			name = Debug;
		};
		8E8E011C2888803A00FC08D4 /* Release */ = {
			isa = XCBuildConfiguration;
			buildSettings = {
				ASSETCATALOG_COMPILER_APPICON_NAME = AppIcon;
				ASSETCATALOG_COMPILER_GLOBAL_ACCENT_COLOR_NAME = AccentColor;
				CODE_SIGN_STYLE = Automatic;
				CURRENT_PROJECT_VERSION = 1;
				DEVELOPMENT_TEAM = DPTAQUM9U4;
				GENERATE_INFOPLIST_FILE = YES;
				INFOPLIST_FILE = ContactList/App/Info.plist;
				INFOPLIST_KEY_UIApplicationSupportsIndirectInputEvents = YES;
				INFOPLIST_KEY_UILaunchStoryboardName = LaunchScreen;
				INFOPLIST_KEY_UIMainStoryboardFile = Main;
				INFOPLIST_KEY_UISupportedInterfaceOrientations_iPad = "UIInterfaceOrientationPortrait UIInterfaceOrientationPortraitUpsideDown UIInterfaceOrientationLandscapeLeft UIInterfaceOrientationLandscapeRight";
				INFOPLIST_KEY_UISupportedInterfaceOrientations_iPhone = "UIInterfaceOrientationPortrait UIInterfaceOrientationLandscapeLeft UIInterfaceOrientationLandscapeRight";
				LD_RUNPATH_SEARCH_PATHS = (
					"$(inherited)",
					"@executable_path/Frameworks",
				);
				MARKETING_VERSION = 1.0;
				PRODUCT_BUNDLE_IDENTIFIER = com.asankul.ContactList;
				PRODUCT_NAME = "$(TARGET_NAME)";
				SWIFT_EMIT_LOC_STRINGS = YES;
				SWIFT_VERSION = 5.0;
				TARGETED_DEVICE_FAMILY = "1,2";
			};
			name = Release;
		};
/* End XCBuildConfiguration section */

/* Begin XCConfigurationList section */
		8E8E01012888803800FC08D4 /* Build configuration list for PBXProject "ContactList" */ = {
			isa = XCConfigurationList;
			buildConfigurations = (
				8E8E01182888803A00FC08D4 /* Debug */,
				8E8E01192888803A00FC08D4 /* Release */,
			);
			defaultConfigurationIsVisible = 0;
			defaultConfigurationName = Release;
		};
		8E8E011A2888803A00FC08D4 /* Build configuration list for PBXNativeTarget "ContactList" */ = {
			isa = XCConfigurationList;
			buildConfigurations = (
				8E8E011B2888803A00FC08D4 /* Debug */,
				8E8E011C2888803A00FC08D4 /* Release */,
			);
			defaultConfigurationIsVisible = 0;
			defaultConfigurationName = Release;
		};
/* End XCConfigurationList section */
	};
	rootObject = 8E8E00FE2888803800FC08D4 /* Project object */;
}
